// !$*UTF8*$!
{
	archiveVersion = 1;
	classes = {
	};
	objectVersion = 50;
	objects = {

/* Begin PBXBuildFile section */
		DD609B612075CD6F007AF1D5 /* AppDelegate.swift in Sources */ = {isa = PBXBuildFile; fileRef = DD609B602075CD6F007AF1D5 /* AppDelegate.swift */; };
		DD609B632075CD6F007AF1D5 /* ViewController.swift in Sources */ = {isa = PBXBuildFile; fileRef = DD609B622075CD6F007AF1D5 /* ViewController.swift */; };
		DD609B652075CD6F007AF1D5 /* Document.swift in Sources */ = {isa = PBXBuildFile; fileRef = DD609B642075CD6F007AF1D5 /* Document.swift */; };
		DD609B672075CD70007AF1D5 /* Assets.xcassets in Resources */ = {isa = PBXBuildFile; fileRef = DD609B662075CD70007AF1D5 /* Assets.xcassets */; };
		DD609B6A2075CD70007AF1D5 /* Main.storyboard in Resources */ = {isa = PBXBuildFile; fileRef = DD609B682075CD70007AF1D5 /* Main.storyboard */; };
		DD609B732075CEE9007AF1D5 /* DocumentWindowController.swift in Sources */ = {isa = PBXBuildFile; fileRef = DD609B722075CEE9007AF1D5 /* DocumentWindowController.swift */; };
		DD609B772076BDF1007AF1D5 /* Puzzle.swift in Sources */ = {isa = PBXBuildFile; fileRef = DD609B742076BDF0007AF1D5 /* Puzzle.swift */; };
		DD609B782076BDF1007AF1D5 /* PuzzleParser.swift in Sources */ = {isa = PBXBuildFile; fileRef = DD609B752076BDF0007AF1D5 /* PuzzleParser.swift */; };
		DD609B792076BDF1007AF1D5 /* PuzzleLex.swift in Sources */ = {isa = PBXBuildFile; fileRef = DD609B762076BDF1007AF1D5 /* PuzzleLex.swift */; };
		DD609B7B2076D5F6007AF1D5 /* cellImageGenerator.swift in Sources */ = {isa = PBXBuildFile; fileRef = DD609B7A2076D5F6007AF1D5 /* cellImageGenerator.swift */; };
		DD609B7F207C121C007AF1D5 /* PuzzleView.swift in Sources */ = {isa = PBXBuildFile; fileRef = DD609B7E207C121C007AF1D5 /* PuzzleView.swift */; };
		DD609B812083C95C007AF1D5 /* Cell.swift in Sources */ = {isa = PBXBuildFile; fileRef = DD609B802083C95C007AF1D5 /* Cell.swift */; };
		DD7127902284BC210012A8EE /* UnusedCell.swift in Sources */ = {isa = PBXBuildFile; fileRef = DD71278F2284BC210012A8EE /* UnusedCell.swift */; };
		DD7127922284BC780012A8EE /* EmptyCell.swift in Sources */ = {isa = PBXBuildFile; fileRef = DD7127912284BC780012A8EE /* EmptyCell.swift */; };
		DD7127942284BCD20012A8EE /* HeaderCell.swift in Sources */ = {isa = PBXBuildFile; fileRef = DD7127932284BCD20012A8EE /* HeaderCell.swift */; };
		DD7127962284BD580012A8EE /* HeaderSum.swift in Sources */ = {isa = PBXBuildFile; fileRef = DD7127952284BD580012A8EE /* HeaderSum.swift */; };
		DDA73D7D208A8062002D00A2 /* Todo.rtf in Resources */ = {isa = PBXBuildFile; fileRef = DDA73D7C208A8062002D00A2 /* Todo.rtf */; };
		DDB1DDF1208ED57B0060EFEF /* TotalFieldEditor.swift in Sources */ = {isa = PBXBuildFile; fileRef = DDB1DDF0208ED57B0060EFEF /* TotalFieldEditor.swift */; };
		DDB1DE1420940D3E0060EFEF /* PuzzleValidator.swift in Sources */ = {isa = PBXBuildFile; fileRef = DDB1DE1320940D3E0060EFEF /* PuzzleValidator.swift */; };
		DDB321C2223705730080116C /* Utilities.swift in Sources */ = {isa = PBXBuildFile; fileRef = DDB321C1223705730080116C /* Utilities.swift */; };
		DDB321C4223B33F20080116C /* CircularIterator2D.swift in Sources */ = {isa = PBXBuildFile; fileRef = DDB321C3223B33F20080116C /* CircularIterator2D.swift */; };
		DDEAA1FE2224902100A0A6CF /* PuzzleSolver.swift in Sources */ = {isa = PBXBuildFile; fileRef = DDEAA1FD2224902100A0A6CF /* PuzzleSolver.swift */; };
		DDF18AE0209AB9B10003E65D /* PuzzleAudioVerify.swift in Sources */ = {isa = PBXBuildFile; fileRef = DDF18ADF209AB9B10003E65D /* PuzzleAudioVerify.swift */; };
/* End PBXBuildFile section */

/* Begin PBXFileReference section */
		DD609B5D2075CD6F007AF1D5 /* kakuro.app */ = {isa = PBXFileReference; explicitFileType = wrapper.application; includeInIndex = 0; path = kakuro.app; sourceTree = BUILT_PRODUCTS_DIR; };
		DD609B602075CD6F007AF1D5 /* AppDelegate.swift */ = {isa = PBXFileReference; lastKnownFileType = sourcecode.swift; path = AppDelegate.swift; sourceTree = "<group>"; };
		DD609B622075CD6F007AF1D5 /* ViewController.swift */ = {isa = PBXFileReference; lastKnownFileType = sourcecode.swift; path = ViewController.swift; sourceTree = "<group>"; };
		DD609B642075CD6F007AF1D5 /* Document.swift */ = {isa = PBXFileReference; lastKnownFileType = sourcecode.swift; path = Document.swift; sourceTree = "<group>"; };
		DD609B662075CD70007AF1D5 /* Assets.xcassets */ = {isa = PBXFileReference; lastKnownFileType = folder.assetcatalog; path = Assets.xcassets; sourceTree = "<group>"; };
		DD609B692075CD70007AF1D5 /* Base */ = {isa = PBXFileReference; lastKnownFileType = file.storyboard; name = Base; path = Base.lproj/Main.storyboard; sourceTree = "<group>"; };
		DD609B6B2075CD70007AF1D5 /* Info.plist */ = {isa = PBXFileReference; lastKnownFileType = text.plist.xml; path = Info.plist; sourceTree = "<group>"; };
		DD609B6C2075CD70007AF1D5 /* kakuro.entitlements */ = {isa = PBXFileReference; lastKnownFileType = text.plist.entitlements; path = kakuro.entitlements; sourceTree = "<group>"; };
		DD609B722075CEE9007AF1D5 /* DocumentWindowController.swift */ = {isa = PBXFileReference; fileEncoding = 4; lastKnownFileType = sourcecode.swift; path = DocumentWindowController.swift; sourceTree = "<group>"; };
		DD609B742076BDF0007AF1D5 /* Puzzle.swift */ = {isa = PBXFileReference; fileEncoding = 4; lastKnownFileType = sourcecode.swift; path = Puzzle.swift; sourceTree = "<group>"; };
		DD609B752076BDF0007AF1D5 /* PuzzleParser.swift */ = {isa = PBXFileReference; fileEncoding = 4; lastKnownFileType = sourcecode.swift; path = PuzzleParser.swift; sourceTree = "<group>"; };
		DD609B762076BDF1007AF1D5 /* PuzzleLex.swift */ = {isa = PBXFileReference; fileEncoding = 4; lastKnownFileType = sourcecode.swift; path = PuzzleLex.swift; sourceTree = "<group>"; };
		DD609B7A2076D5F6007AF1D5 /* cellImageGenerator.swift */ = {isa = PBXFileReference; fileEncoding = 4; lastKnownFileType = sourcecode.swift; path = cellImageGenerator.swift; sourceTree = "<group>"; };
		DD609B7E207C121C007AF1D5 /* PuzzleView.swift */ = {isa = PBXFileReference; lastKnownFileType = sourcecode.swift; path = PuzzleView.swift; sourceTree = "<group>"; };
		DD609B802083C95C007AF1D5 /* Cell.swift */ = {isa = PBXFileReference; lastKnownFileType = sourcecode.swift; path = Cell.swift; sourceTree = "<group>"; };
		DD71278F2284BC210012A8EE /* UnusedCell.swift */ = {isa = PBXFileReference; lastKnownFileType = sourcecode.swift; path = UnusedCell.swift; sourceTree = "<group>"; };
		DD7127912284BC780012A8EE /* EmptyCell.swift */ = {isa = PBXFileReference; lastKnownFileType = sourcecode.swift; path = EmptyCell.swift; sourceTree = "<group>"; };
		DD7127932284BCD20012A8EE /* HeaderCell.swift */ = {isa = PBXFileReference; lastKnownFileType = sourcecode.swift; path = HeaderCell.swift; sourceTree = "<group>"; };
		DD7127952284BD580012A8EE /* HeaderSum.swift */ = {isa = PBXFileReference; lastKnownFileType = sourcecode.swift; path = HeaderSum.swift; sourceTree = "<group>"; };
		DDA73D7C208A8062002D00A2 /* Todo.rtf */ = {isa = PBXFileReference; lastKnownFileType = text.rtf; path = Todo.rtf; sourceTree = "<group>"; };
		DDB1DDF0208ED57B0060EFEF /* TotalFieldEditor.swift */ = {isa = PBXFileReference; lastKnownFileType = sourcecode.swift; path = TotalFieldEditor.swift; sourceTree = "<group>"; };
		DDB1DE1320940D3E0060EFEF /* PuzzleValidator.swift */ = {isa = PBXFileReference; lastKnownFileType = sourcecode.swift; path = PuzzleValidator.swift; sourceTree = "<group>"; };
		DDB321C1223705730080116C /* Utilities.swift */ = {isa = PBXFileReference; lastKnownFileType = sourcecode.swift; path = Utilities.swift; sourceTree = "<group>"; };
		DDB321C3223B33F20080116C /* CircularIterator2D.swift */ = {isa = PBXFileReference; lastKnownFileType = sourcecode.swift; path = CircularIterator2D.swift; sourceTree = "<group>"; };
		DDEAA1FD2224902100A0A6CF /* PuzzleSolver.swift */ = {isa = PBXFileReference; lastKnownFileType = sourcecode.swift; path = PuzzleSolver.swift; sourceTree = "<group>"; };
		DDF18ADF209AB9B10003E65D /* PuzzleAudioVerify.swift */ = {isa = PBXFileReference; lastKnownFileType = sourcecode.swift; path = PuzzleAudioVerify.swift; sourceTree = "<group>"; };
/* End PBXFileReference section */

/* Begin PBXFrameworksBuildPhase section */
		DD609B5A2075CD6F007AF1D5 /* Frameworks */ = {
			isa = PBXFrameworksBuildPhase;
			buildActionMask = 2147483647;
			files = (
			);
			runOnlyForDeploymentPostprocessing = 0;
		};
/* End PBXFrameworksBuildPhase section */

/* Begin PBXGroup section */
		DD27EC2820BC976D009450DB /* Puzzle */ = {
			isa = PBXGroup;
			children = (
				DD7127952284BD580012A8EE /* HeaderSum.swift */,
				DD609B742076BDF0007AF1D5 /* Puzzle.swift */,
				DDF18ADF209AB9B10003E65D /* PuzzleAudioVerify.swift */,
				DD609B762076BDF1007AF1D5 /* PuzzleLex.swift */,
				DD609B752076BDF0007AF1D5 /* PuzzleParser.swift */,
				DDB1DE1320940D3E0060EFEF /* PuzzleValidator.swift */,
				DDEAA1FD2224902100A0A6CF /* PuzzleSolver.swift */,
			);
			path = Puzzle;
			sourceTree = "<group>";
		};
		DD27EC2920BC97EB009450DB /* ViewControllers */ = {
			isa = PBXGroup;
			children = (
				DDB1DDF0208ED57B0060EFEF /* TotalFieldEditor.swift */,
				DD609B622075CD6F007AF1D5 /* ViewController.swift */,
			);
			path = ViewControllers;
			sourceTree = "<group>";
		};
		DD27EC2A20BC980B009450DB /* Cells */ = {
			isa = PBXGroup;
			children = (
				DD609B802083C95C007AF1D5 /* Cell.swift */,
				DD609B7A2076D5F6007AF1D5 /* cellImageGenerator.swift */,
				DD7127912284BC780012A8EE /* EmptyCell.swift */,
				DD7127932284BCD20012A8EE /* HeaderCell.swift */,
				DD71278F2284BC210012A8EE /* UnusedCell.swift */,
			);
			path = Cells;
			sourceTree = "<group>";
		};
		DD609B542075CD6F007AF1D5 = {
			isa = PBXGroup;
			children = (
				DD609B5F2075CD6F007AF1D5 /* kakuro */,
				DD609B5E2075CD6F007AF1D5 /* Products */,
			);
			sourceTree = "<group>";
		};
		DD609B5E2075CD6F007AF1D5 /* Products */ = {
			isa = PBXGroup;
			children = (
				DD609B5D2075CD6F007AF1D5 /* kakuro.app */,
			);
			name = Products;
			sourceTree = "<group>";
		};
		DD609B5F2075CD6F007AF1D5 /* kakuro */ = {
			isa = PBXGroup;
			children = (
				DD609B602075CD6F007AF1D5 /* AppDelegate.swift */,
				DD27EC2A20BC980B009450DB /* Cells */,
				DDB321C3223B33F20080116C /* CircularIterator2D.swift */,
				DD609B642075CD6F007AF1D5 /* Document.swift */,
				DD609B722075CEE9007AF1D5 /* DocumentWindowController.swift */,
				DD27EC2820BC976D009450DB /* Puzzle */,
				DD609B7E207C121C007AF1D5 /* PuzzleView.swift */,
				DDB321C1223705730080116C /* Utilities.swift */,
				DD27EC2920BC97EB009450DB /* ViewControllers */,
				DD609B662075CD70007AF1D5 /* Assets.xcassets */,
				DD609B682075CD70007AF1D5 /* Main.storyboard */,
				DD609B6B2075CD70007AF1D5 /* Info.plist */,
				DD609B6C2075CD70007AF1D5 /* kakuro.entitlements */,
				DDA73D7C208A8062002D00A2 /* Todo.rtf */,
			);
			path = kakuro;
			sourceTree = "<group>";
		};
/* End PBXGroup section */

/* Begin PBXNativeTarget section */
		DD609B5C2075CD6F007AF1D5 /* kakuro */ = {
			isa = PBXNativeTarget;
			buildConfigurationList = DD609B6F2075CD70007AF1D5 /* Build configuration list for PBXNativeTarget "kakuro" */;
			buildPhases = (
				DD609B592075CD6F007AF1D5 /* Sources */,
				DD609B5A2075CD6F007AF1D5 /* Frameworks */,
				DD609B5B2075CD6F007AF1D5 /* Resources */,
			);
			buildRules = (
			);
			dependencies = (
			);
			name = kakuro;
			productName = kakuro;
			productReference = DD609B5D2075CD6F007AF1D5 /* kakuro.app */;
			productType = "com.apple.product-type.application";
		};
/* End PBXNativeTarget section */

/* Begin PBXProject section */
		DD609B552075CD6F007AF1D5 /* Project object */ = {
			isa = PBXProject;
			attributes = {
				LastSwiftUpdateCheck = 0930;
				LastUpgradeCheck = 0930;
				ORGANIZATIONNAME = matzsoft;
				TargetAttributes = {
					DD609B5C2075CD6F007AF1D5 = {
						CreatedOnToolsVersion = 9.3;
						LastSwiftMigration = 1010;
					};
				};
			};
			buildConfigurationList = DD609B582075CD6F007AF1D5 /* Build configuration list for PBXProject "kakuro" */;
			compatibilityVersion = "Xcode 9.3";
			developmentRegion = en;
			hasScannedForEncodings = 0;
			knownRegions = (
				en,
				Base,
			);
			mainGroup = DD609B542075CD6F007AF1D5;
			productRefGroup = DD609B5E2075CD6F007AF1D5 /* Products */;
			projectDirPath = "";
			projectRoot = "";
			targets = (
				DD609B5C2075CD6F007AF1D5 /* kakuro */,
			);
		};
/* End PBXProject section */

/* Begin PBXResourcesBuildPhase section */
		DD609B5B2075CD6F007AF1D5 /* Resources */ = {
			isa = PBXResourcesBuildPhase;
			buildActionMask = 2147483647;
			files = (
				DD609B672075CD70007AF1D5 /* Assets.xcassets in Resources */,
				DD609B6A2075CD70007AF1D5 /* Main.storyboard in Resources */,
				DDA73D7D208A8062002D00A2 /* Todo.rtf in Resources */,
			);
			runOnlyForDeploymentPostprocessing = 0;
		};
/* End PBXResourcesBuildPhase section */

/* Begin PBXSourcesBuildPhase section */
		DD609B592075CD6F007AF1D5 /* Sources */ = {
			isa = PBXSourcesBuildPhase;
			buildActionMask = 2147483647;
			files = (
				DDB1DE1420940D3E0060EFEF /* PuzzleValidator.swift in Sources */,
				DDB1DDF1208ED57B0060EFEF /* TotalFieldEditor.swift in Sources */,
				DD609B782076BDF1007AF1D5 /* PuzzleParser.swift in Sources */,
				DDB321C2223705730080116C /* Utilities.swift in Sources */,
				DD609B772076BDF1007AF1D5 /* Puzzle.swift in Sources */,
				DD609B7F207C121C007AF1D5 /* PuzzleView.swift in Sources */,
				DD609B732075CEE9007AF1D5 /* DocumentWindowController.swift in Sources */,
				DD609B792076BDF1007AF1D5 /* PuzzleLex.swift in Sources */,
				DDB321C4223B33F20080116C /* CircularIterator2D.swift in Sources */,
				DD7127942284BCD20012A8EE /* HeaderCell.swift in Sources */,
				DD609B632075CD6F007AF1D5 /* ViewController.swift in Sources */,
				DDF18AE0209AB9B10003E65D /* PuzzleAudioVerify.swift in Sources */,
				DD609B7B2076D5F6007AF1D5 /* cellImageGenerator.swift in Sources */,
				DDEAA1FE2224902100A0A6CF /* PuzzleSolver.swift in Sources */,
				DD609B812083C95C007AF1D5 /* Cell.swift in Sources */,
				DD609B612075CD6F007AF1D5 /* AppDelegate.swift in Sources */,
				DD7127962284BD580012A8EE /* HeaderSum.swift in Sources */,
				DD609B652075CD6F007AF1D5 /* Document.swift in Sources */,
				DD7127902284BC210012A8EE /* UnusedCell.swift in Sources */,
				DD7127922284BC780012A8EE /* EmptyCell.swift in Sources */,
			);
			runOnlyForDeploymentPostprocessing = 0;
		};
/* End PBXSourcesBuildPhase section */

/* Begin PBXVariantGroup section */
		DD609B682075CD70007AF1D5 /* Main.storyboard */ = {
			isa = PBXVariantGroup;
			children = (
				DD609B692075CD70007AF1D5 /* Base */,
			);
			name = Main.storyboard;
			sourceTree = "<group>";
		};
/* End PBXVariantGroup section */

/* Begin XCBuildConfiguration section */
		DD609B6D2075CD70007AF1D5 /* Debug */ = {
			isa = XCBuildConfiguration;
			buildSettings = {
				ALWAYS_SEARCH_USER_PATHS = NO;
				CLANG_ANALYZER_NONNULL = YES;
				CLANG_ANALYZER_NUMBER_OBJECT_CONVERSION = YES_AGGRESSIVE;
				CLANG_CXX_LANGUAGE_STANDARD = "gnu++14";
				CLANG_CXX_LIBRARY = "libc++";
				CLANG_ENABLE_MODULES = YES;
				CLANG_ENABLE_OBJC_ARC = YES;
				CLANG_ENABLE_OBJC_WEAK = YES;
				CLANG_WARN_BLOCK_CAPTURE_AUTORELEASING = YES;
				CLANG_WARN_BOOL_CONVERSION = YES;
				CLANG_WARN_COMMA = YES;
				CLANG_WARN_CONSTANT_CONVERSION = YES;
				CLANG_WARN_DEPRECATED_OBJC_IMPLEMENTATIONS = YES;
				CLANG_WARN_DIRECT_OBJC_ISA_USAGE = YES_ERROR;
				CLANG_WARN_DOCUMENTATION_COMMENTS = YES;
				CLANG_WARN_EMPTY_BODY = YES;
				CLANG_WARN_ENUM_CONVERSION = YES;
				CLANG_WARN_INFINITE_RECURSION = YES;
				CLANG_WARN_INT_CONVERSION = YES;
				CLANG_WARN_NON_LITERAL_NULL_CONVERSION = YES;
				CLANG_WARN_OBJC_IMPLICIT_RETAIN_SELF = YES;
				CLANG_WARN_OBJC_LITERAL_CONVERSION = YES;
				CLANG_WARN_OBJC_ROOT_CLASS = YES_ERROR;
				CLANG_WARN_RANGE_LOOP_ANALYSIS = YES;
				CLANG_WARN_STRICT_PROTOTYPES = YES;
				CLANG_WARN_SUSPICIOUS_MOVE = YES;
				CLANG_WARN_UNGUARDED_AVAILABILITY = YES_AGGRESSIVE;
				CLANG_WARN_UNREACHABLE_CODE = YES;
				CLANG_WARN__DUPLICATE_METHOD_MATCH = YES;
				CODE_SIGN_IDENTITY = "Mac Developer";
				COPY_PHASE_STRIP = NO;
				DEBUG_INFORMATION_FORMAT = dwarf;
				ENABLE_STRICT_OBJC_MSGSEND = YES;
				ENABLE_TESTABILITY = YES;
				GCC_C_LANGUAGE_STANDARD = gnu11;
				GCC_DYNAMIC_NO_PIC = NO;
				GCC_NO_COMMON_BLOCKS = YES;
				GCC_OPTIMIZATION_LEVEL = 0;
				GCC_PREPROCESSOR_DEFINITIONS = (
					"DEBUG=1",
					"$(inherited)",
				);
				GCC_WARN_64_TO_32_BIT_CONVERSION = YES;
				GCC_WARN_ABOUT_RETURN_TYPE = YES_ERROR;
				GCC_WARN_UNDECLARED_SELECTOR = YES;
				GCC_WARN_UNINITIALIZED_AUTOS = YES_AGGRESSIVE;
				GCC_WARN_UNUSED_FUNCTION = YES;
				GCC_WARN_UNUSED_VARIABLE = YES;
				MACOSX_DEPLOYMENT_TARGET = 10.13;
				MTL_ENABLE_DEBUG_INFO = YES;
				ONLY_ACTIVE_ARCH = YES;
				SDKROOT = macosx;
				SWIFT_ACTIVE_COMPILATION_CONDITIONS = DEBUG;
				SWIFT_OPTIMIZATION_LEVEL = "-Onone";
			};
			name = Debug;
		};
		DD609B6E2075CD70007AF1D5 /* Release */ = {
			isa = XCBuildConfiguration;
			buildSettings = {
				ALWAYS_SEARCH_USER_PATHS = NO;
				CLANG_ANALYZER_NONNULL = YES;
				CLANG_ANALYZER_NUMBER_OBJECT_CONVERSION = YES_AGGRESSIVE;
				CLANG_CXX_LANGUAGE_STANDARD = "gnu++14";
				CLANG_CXX_LIBRARY = "libc++";
				CLANG_ENABLE_MODULES = YES;
				CLANG_ENABLE_OBJC_ARC = YES;
				CLANG_ENABLE_OBJC_WEAK = YES;
				CLANG_WARN_BLOCK_CAPTURE_AUTORELEASING = YES;
				CLANG_WARN_BOOL_CONVERSION = YES;
				CLANG_WARN_COMMA = YES;
				CLANG_WARN_CONSTANT_CONVERSION = YES;
				CLANG_WARN_DEPRECATED_OBJC_IMPLEMENTATIONS = YES;
				CLANG_WARN_DIRECT_OBJC_ISA_USAGE = YES_ERROR;
				CLANG_WARN_DOCUMENTATION_COMMENTS = YES;
				CLANG_WARN_EMPTY_BODY = YES;
				CLANG_WARN_ENUM_CONVERSION = YES;
				CLANG_WARN_INFINITE_RECURSION = YES;
				CLANG_WARN_INT_CONVERSION = YES;
				CLANG_WARN_NON_LITERAL_NULL_CONVERSION = YES;
				CLANG_WARN_OBJC_IMPLICIT_RETAIN_SELF = YES;
				CLANG_WARN_OBJC_LITERAL_CONVERSION = YES;
				CLANG_WARN_OBJC_ROOT_CLASS = YES_ERROR;
				CLANG_WARN_RANGE_LOOP_ANALYSIS = YES;
				CLANG_WARN_STRICT_PROTOTYPES = YES;
				CLANG_WARN_SUSPICIOUS_MOVE = YES;
				CLANG_WARN_UNGUARDED_AVAILABILITY = YES_AGGRESSIVE;
				CLANG_WARN_UNREACHABLE_CODE = YES;
				CLANG_WARN__DUPLICATE_METHOD_MATCH = YES;
				CODE_SIGN_IDENTITY = "Mac Developer";
				COPY_PHASE_STRIP = NO;
				DEBUG_INFORMATION_FORMAT = "dwarf-with-dsym";
				ENABLE_NS_ASSERTIONS = NO;
				ENABLE_STRICT_OBJC_MSGSEND = YES;
				GCC_C_LANGUAGE_STANDARD = gnu11;
				GCC_NO_COMMON_BLOCKS = YES;
				GCC_WARN_64_TO_32_BIT_CONVERSION = YES;
				GCC_WARN_ABOUT_RETURN_TYPE = YES_ERROR;
				GCC_WARN_UNDECLARED_SELECTOR = YES;
				GCC_WARN_UNINITIALIZED_AUTOS = YES_AGGRESSIVE;
				GCC_WARN_UNUSED_FUNCTION = YES;
				GCC_WARN_UNUSED_VARIABLE = YES;
				MACOSX_DEPLOYMENT_TARGET = 10.13;
				MTL_ENABLE_DEBUG_INFO = NO;
				SDKROOT = macosx;
				SWIFT_COMPILATION_MODE = wholemodule;
				SWIFT_OPTIMIZATION_LEVEL = "-O";
			};
			name = Release;
		};
		DD609B702075CD70007AF1D5 /* Debug */ = {
			isa = XCBuildConfiguration;
			buildSettings = {
				ASSETCATALOG_COMPILER_APPICON_NAME = AppIcon;
				CODE_SIGN_STYLE = Automatic;
				COMBINE_HIDPI_IMAGES = YES;
				DEVELOPMENT_TEAM = G66PZJ94HJ;
				INFOPLIST_FILE = kakuro/Info.plist;
				LD_RUNPATH_SEARCH_PATHS = (
					"$(inherited)",
					"@executable_path/../Frameworks",
				);
				PRODUCT_BUNDLE_IDENTIFIER = com.matzsoft.kakuro;
				PRODUCT_NAME = "$(TARGET_NAME)";
				SWIFT_VERSION = 4.2;
			};
			name = Debug;
		};
		DD609B712075CD70007AF1D5 /* Release */ = {
			isa = XCBuildConfiguration;
			buildSettings = {
				ASSETCATALOG_COMPILER_APPICON_NAME = AppIcon;
				CODE_SIGN_STYLE = Automatic;
				COMBINE_HIDPI_IMAGES = YES;
				DEVELOPMENT_TEAM = G66PZJ94HJ;
				INFOPLIST_FILE = kakuro/Info.plist;
				LD_RUNPATH_SEARCH_PATHS = (
					"$(inherited)",
					"@executable_path/../Frameworks",
				);
				PRODUCT_BUNDLE_IDENTIFIER = com.matzsoft.kakuro;
				PRODUCT_NAME = "$(TARGET_NAME)";
				SWIFT_VERSION = 4.2;
			};
			name = Release;
		};
/* End XCBuildConfiguration section */

/* Begin XCConfigurationList section */
		DD609B582075CD6F007AF1D5 /* Build configuration list for PBXProject "kakuro" */ = {
			isa = XCConfigurationList;
			buildConfigurations = (
				DD609B6D2075CD70007AF1D5 /* Debug */,
				DD609B6E2075CD70007AF1D5 /* Release */,
			);
			defaultConfigurationIsVisible = 0;
			defaultConfigurationName = Release;
		};
		DD609B6F2075CD70007AF1D5 /* Build configuration list for PBXNativeTarget "kakuro" */ = {
			isa = XCConfigurationList;
			buildConfigurations = (
				DD609B702075CD70007AF1D5 /* Debug */,
				DD609B712075CD70007AF1D5 /* Release */,
			);
			defaultConfigurationIsVisible = 0;
			defaultConfigurationName = Release;
		};
/* End XCConfigurationList section */
	};
	rootObject = DD609B552075CD6F007AF1D5 /* Project object */;
}
